
Microsoft Visual Studio Solution File, Format Version 12.00
# Visual Studio Version 17
VisualStudioVersion = 17.8.34601.278
MinimumVisualStudioVersion = 10.0.40219.1
Project("{FAE04EC0-301F-11D3-BF4B-00C04F79EFBC}") = "CSI122_Week1_Notes", "CSI122_Week1_Notes\CSI122_Week1_Notes.csproj", "{7FA8F862-00B6-46F9-A301-9691E850BAD2}"
EndProject
Global
	GlobalSection(SolutionConfigurationPlatforms) = preSolution
		Debug|Any CPU = Debug|Any CPU
		Release|Any CPU = Release|Any CPU
	EndGlobalSection
	GlobalSection(ProjectConfigurationPlatforms) = postSolution
		{7FA8F862-00B6-46F9-A301-9691E850BAD2}.Debug|Any CPU.ActiveCfg = Debug|Any CPU
		{7FA8F862-00B6-46F9-A301-9691E850BAD2}.Debug|Any CPU.Build.0 = Debug|Any CPU
		{7FA8F862-00B6-46F9-A301-9691E850BAD2}.Release|Any CPU.ActiveCfg = Release|Any CPU
		{7FA8F862-00B6-46F9-A301-9691E850BAD2}.Release|Any CPU.Build.0 = Release|Any CPU
	EndGlobalSection
	GlobalSection(SolutionProperties) = preSolution
		HideSolutionNode = FALSE
	EndGlobalSection
	GlobalSection(ExtensibilityGlobals) = postSolution
		SolutionGuid = {0394948D-5530-4791-B02E-20AD8C892C3F}
	EndGlobalSection
EndGlobal
